# This file is autogenerated, do not edit; changes may be undone by the next 'dep ensure'.


[[projects]]
  branch = "master"
  digest = "1:5d8eaf85b14de49d16970c438288ed10eae10c825a4e6b1eab75dcf115029302"
  name = "github.com/ascarter/requestid"
  packages = ["."]
  pruneopts = "UT"
  revision = "5b76ab3d4aee07e124d999eeb1732d331dc2dc1b"

[[projects]]
  digest = "1:582b704bebaa06b48c29b0cec224a6058a09c86883aaddabde889cd1a5f73e1b"
  name = "github.com/google/uuid"
  packages = ["."]
  pruneopts = "UT"
  revision = "0cd6bf5da1e1c83f8b45653022c74f71af0538a4"
  version = "v1.1.1"

[[projects]]
  digest = "1:664d37ea261f0fc73dd17f4a1f5f46d01fbb0b0d75f6375af064824424109b7d"
  name = "github.com/gorilla/handlers"
  packages = ["."]
  pruneopts = "UT"
  revision = "7e0847f9db758cdebd26c149d0ae9d5d0b9c98ce"
  version = "v1.4.0"

[[projects]]
  digest = "1:d5f97fc268267ec1b61c3453058c738246fc3e746f14b1ae25161513b7367b0c"
  name = "github.com/gorilla/mux"
  packages = ["."]
  pruneopts = "UT"
  revision = "c5c6c98bc25355028a63748a498942a6398ccd22"
  version = "v1.7.1"

[[projects]]
  digest = "1:4052fe114649b6585675a6a7599c6585c0d547c9d06bcd99d77976720c8f1a3e"
  name = "github.com/lestrrat-go/apache-logformat"
  packages = [
    ".",
    "internal/httputil",
    "internal/logctx"
  ]
  pruneopts = "UT"
  revision = "bb8451138cebab76e0759a2651b2685f56ad660a"
  version = "v2.0.2"

[[projects]]
  branch = "master"
  digest = "1:8654122ef85f2bc03859b0a7ea2d36c9965888689cdac7640cceaa6edb11cff6"
  name = "github.com/lestrrat-go/strftime"
  packages = ["."]
  pruneopts = "UT"
  revision = "8b31f9c59b0feb56c456ce49a7b3d2b2e93a6f18"

[[projects]]
  digest = "1:cf31692c14422fa27c83a05292eb5cbe0fb2775972e8f1f8446a71549bd8980b"
  name = "github.com/pkg/errors"
  packages = ["."]
  pruneopts = "UT"
  revision = "ba968bfe8b2f7e042a574c888954fccecfa385b4"
  version = "v0.8.1"

[solve-meta]
  analyzer-name = "dep"
  analyzer-version = 1
  input-imports = [
    "github.com/ascarter/requestid",
    "github.com/gorilla/handlers",
    "github.com/gorilla/mux",
    "github.com/lestrrat-go/apache-logformat"
  ]
  solver-name = "gps-cdcl"
  solver-version = 1
